
Microsoft Visual Studio Solution File, Format Version 12.00
# Visual Studio Version 16
VisualStudioVersion = 16.0.31729.503
MinimumVisualStudioVersion = 10.0.40219.1
Project("{FAE04EC0-301F-11D3-BF4B-00C04F79EFBC}") = "Praktiukum Week 8", "Praktiukum Week 8\Praktiukum Week 8.csproj", "{ECBC341B-5FC4-4F33-B88B-E6066D7DD177}"
EndProject
Global
	GlobalSection(SolutionConfigurationPlatforms) = preSolution
		Debug|Any CPU = Debug|Any CPU
		Release|Any CPU = Release|Any CPU
	EndGlobalSection
	GlobalSection(ProjectConfigurationPlatforms) = postSolution
		{ECBC341B-5FC4-4F33-B88B-E6066D7DD177}.Debug|Any CPU.ActiveCfg = Debug|Any CPU
		{ECBC341B-5FC4-4F33-B88B-E6066D7DD177}.Debug|Any CPU.Build.0 = Debug|Any CPU
		{ECBC341B-5FC4-4F33-B88B-E6066D7DD177}.Release|Any CPU.ActiveCfg = Release|Any CPU
		{ECBC341B-5FC4-4F33-B88B-E6066D7DD177}.Release|Any CPU.Build.0 = Release|Any CPU
	EndGlobalSection
	GlobalSection(SolutionProperties) = preSolution
		HideSolutionNode = FALSE
	EndGlobalSection
	GlobalSection(ExtensibilityGlobals) = postSolution
		SolutionGuid = {4B0DCFBA-9558-45D1-94D8-AF499B690B6A}
	EndGlobalSection
EndGlobal
